
Microsoft Visual Studio Solution File, Format Version 12.00
# Visual Studio Version 16
VisualStudioVersion = 16.0.30413.136
MinimumVisualStudioVersion = 10.0.40219.1
Project("{FAE04EC0-301F-11D3-BF4B-00C04F79EFBC}") = "Week7Functions", "Week7Functions\Week7Functions.csproj", "{29B41143-2858-47A3-9C60-DE5153CDCE3F}"
EndProject
Project("{FAE04EC0-301F-11D3-BF4B-00C04F79EFBC}") = "Gender", "Gender\Gender.csproj", "{5CBB6E20-CE6A-4B80-93E9-FB4DB8C68704}"
EndProject
Project("{FAE04EC0-301F-11D3-BF4B-00C04F79EFBC}") = "FunctionsReturn", "FunctionsReturn\FunctionsReturn.csproj", "{4F288FE2-574E-4F03-AC32-8C7D491A637A}"
EndProject
Global
	GlobalSection(SolutionConfigurationPlatforms) = preSolution
		Debug|Any CPU = Debug|Any CPU
		Release|Any CPU = Release|Any CPU
	EndGlobalSection
	GlobalSection(ProjectConfigurationPlatforms) = postSolution
		{29B41143-2858-47A3-9C60-DE5153CDCE3F}.Debug|Any CPU.ActiveCfg = Debug|Any CPU
		{29B41143-2858-47A3-9C60-DE5153CDCE3F}.Debug|Any CPU.Build.0 = Debug|Any CPU
		{29B41143-2858-47A3-9C60-DE5153CDCE3F}.Release|Any CPU.ActiveCfg = Release|Any CPU
		{29B41143-2858-47A3-9C60-DE5153CDCE3F}.Release|Any CPU.Build.0 = Release|Any CPU
		{5CBB6E20-CE6A-4B80-93E9-FB4DB8C68704}.Debug|Any CPU.ActiveCfg = Debug|Any CPU
		{5CBB6E20-CE6A-4B80-93E9-FB4DB8C68704}.Debug|Any CPU.Build.0 = Debug|Any CPU
		{5CBB6E20-CE6A-4B80-93E9-FB4DB8C68704}.Release|Any CPU.ActiveCfg = Release|Any CPU
		{5CBB6E20-CE6A-4B80-93E9-FB4DB8C68704}.Release|Any CPU.Build.0 = Release|Any CPU
		{4F288FE2-574E-4F03-AC32-8C7D491A637A}.Debug|Any CPU.ActiveCfg = Debug|Any CPU
		{4F288FE2-574E-4F03-AC32-8C7D491A637A}.Debug|Any CPU.Build.0 = Debug|Any CPU
		{4F288FE2-574E-4F03-AC32-8C7D491A637A}.Release|Any CPU.ActiveCfg = Release|Any CPU
		{4F288FE2-574E-4F03-AC32-8C7D491A637A}.Release|Any CPU.Build.0 = Release|Any CPU
	EndGlobalSection
	GlobalSection(SolutionProperties) = preSolution
		HideSolutionNode = FALSE
	EndGlobalSection
	GlobalSection(ExtensibilityGlobals) = postSolution
		SolutionGuid = {D6DFDF88-82BE-451E-BF69-A4C110005036}
	EndGlobalSection
EndGlobal
